
Microsoft Visual Studio Solution File, Format Version 12.00
# Visual Studio Version 17
VisualStudioVersion = 17.8.34525.116
MinimumVisualStudioVersion = 10.0.40219.1
Project("{FAE04EC0-301F-11D3-BF4B-00C04F79EFBC}") = "Polovenki", "Polovenki\Polovenki.csproj", "{7ADC086D-4020-435B-BFCB-E2C2B55E09AE}"
EndProject
Global
	GlobalSection(SolutionConfigurationPlatforms) = preSolution
		Debug|Any CPU = Debug|Any CPU
		Release|Any CPU = Release|Any CPU
	EndGlobalSection
	GlobalSection(ProjectConfigurationPlatforms) = postSolution
		{7ADC086D-4020-435B-BFCB-E2C2B55E09AE}.Debug|Any CPU.ActiveCfg = Debug|Any CPU
		{7ADC086D-4020-435B-BFCB-E2C2B55E09AE}.Debug|Any CPU.Build.0 = Debug|Any CPU
		{7ADC086D-4020-435B-BFCB-E2C2B55E09AE}.Release|Any CPU.ActiveCfg = Release|Any CPU
		{7ADC086D-4020-435B-BFCB-E2C2B55E09AE}.Release|Any CPU.Build.0 = Release|Any CPU
	EndGlobalSection
	GlobalSection(SolutionProperties) = preSolution
		HideSolutionNode = FALSE
	EndGlobalSection
	GlobalSection(ExtensibilityGlobals) = postSolution
		SolutionGuid = {F6C8973F-C03C-4CAB-81DA-1A6DEDAA77B8}
	EndGlobalSection
EndGlobal
